{
  "name": "feynman",
  "version": "1.0.0",
  "lockfileVersion": 1,
  "requires": true,
  "dependencies": {
    "bindings": {
      "version": "1.5.0",
      "resolved": "https://registry.npmjs.org/bindings/-/bindings-1.5.0.tgz",
      "integrity": "sha512-p2q/t/mhvuOj/UeLlV6566GD/guowlr0hHxClI0W9m7MWYkL1F0hLo+0Aexs9HSPCtR1SXQ0TD3MMKrXZajbiQ==",
      "requires": {
        "file-uri-to-path": "1.0.0"
      }
    },
    "delay": {
      "version": "4.1.0",
      "resolved": "https://registry.npmjs.org/delay/-/delay-4.1.0.tgz",
      "integrity": "sha512-8Hea6/aOu3bPdDBQhSRUEUzF0QwuWmSPuIK+sxNdvcJtSfzb6HXrTd9DFJBCJcV9o83fFECqTgllqdnmUfq9+w=="
    },
    "file-uri-to-path": {
      "version": "1.0.0",
      "resolved": "https://registry.npmjs.org/file-uri-to-path/-/file-uri-to-path-1.0.0.tgz",
      "integrity": "sha512-0Zt+s3L7Vf1biwWZ29aARiVYLx7iMGnEUl9x33fbB/j3jR81u/O2LbqK+Bm1CDSNDKVtJ/YjwY7TUd5SkeLQLw=="
    },
    "nan": {
      "version": "2.15.0",
      "resolved": "https://registry.npmjs.org/nan/-/nan-2.15.0.tgz",
      "integrity": "sha512-8ZtvEnA2c5aYCZYd1cvgdnU6cqwixRoYg70xPLWUws5ORTa/lnw+u4amixRS/Ac5U5mQVgp9pnlSUnbNWFaWZQ=="
    },
    "oled-font-5x7": {
      "version": "1.0.3",
      "resolved": "https://registry.npmjs.org/oled-font-5x7/-/oled-font-5x7-1.0.3.tgz",
      "integrity": "sha512-l25WvKft8CgXYxtaqKdYrAS1P91rnUUUIiOXojAOvjNCsfFzIl1aEsE2JuaRgMh1Euo7slm5lX0w+1qNkL8PpQ=="
    },
    "rpi-ws281x-native": {
      "version": "github:meta-meta/node-rpi-ws281x-native#50a2b6c3ba899ff3d1ed8872c283c5325a2a3dd8",
      "from": "github:meta-meta/node-rpi-ws281x-native",
      "requires": {
        "bindings": "^1.3.0",
        "nan": "^2.14.2"
      }
    },
    "sh1106-js": {
      "version": "git+https://github.com/stheine/sh1106-js.git#333824782d45937e5482e74c7163438b9dce7e7c",
      "from": "git+https://github.com/stheine/sh1106-js.git#master",
      "requires": {
        "delay": "4.1.0",
        "oled-font-5x7": "1.0.3"
      }
    },
    "sh1107-js": {
      "version": "github:meta-meta/sh1107-js#c73bd4fbec70e3ad7f8473a97331e4f4c4b3a87d",
      "from": "github:meta-meta/sh1107-js",
      "requires": {
        "sh1106-js": "git+https://github.com/stheine/sh1106-js.git#master"
      }
    }
  }
}
