{
  "name": "feynman",
  "version": "1.0.0",
  "lockfileVersion": 1,
  "requires": true,
  "dependencies": {
    "bindings": {
      "version": "1.5.0",
      "resolved": "https://registry.npmjs.org/bindings/-/bindings-1.5.0.tgz",
      "integrity": "sha512-p2q/t/mhvuOj/UeLlV6566GD/guowlr0hHxClI0W9m7MWYkL1F0hLo+0Aexs9HSPCtR1SXQ0TD3MMKrXZajbiQ==",
      "requires": {
        "file-uri-to-path": "1.0.0"
      }
    },
    "delay": {
      "version": "4.1.0",
      "resolved": "https://registry.npmjs.org/delay/-/delay-4.1.0.tgz",
      "integrity": "sha512-8Hea6/aOu3bPdDBQhSRUEUzF0QwuWmSPuIK+sxNdvcJtSfzb6HXrTd9DFJBCJcV9o83fFECqTgllqdnmUfq9+w=="
    },
    "file-uri-to-path": {
      "version": "1.0.0",
      "resolved": "https://registry.npmjs.org/file-uri-to-path/-/file-uri-to-path-1.0.0.tgz",
      "integrity": "sha512-0Zt+s3L7Vf1biwWZ29aARiVYLx7iMGnEUl9x33fbB/j3jR81u/O2LbqK+Bm1CDSNDKVtJ/YjwY7TUd5SkeLQLw=="
    },
    "i2c-bus": {
      "version": "5.2.2",
      "resolved": "https://registry.npmjs.org/i2c-bus/-/i2c-bus-5.2.2.tgz",
      "integrity": "sha512-b2y/et08rqggEjqod6QxV0Ng+RlSkZXsdE+E1aZEQBahepZ9uFD9XfA77Y8O9SgyhwfGEn+CNxsw0gvXW1/m4g==",
      "requires": {
        "bindings": "1.5.0",
        "nan": "2.15.0"
      }
    },
    "ini-builder": {
      "version": "1.1.1",
      "resolved": "https://registry.npmjs.org/ini-builder/-/ini-builder-1.1.1.tgz",
      "integrity": "sha512-75kk/PhKAzS/O1HnNcVKby4tgLAi/TlMyOjY23pzIAGMr2YcmqTG7T/Oe1ltHwICGZAH8eEFX77PcSv2AzByrA=="
    },
    "j5-io-types": {
      "version": "2.5.0",
      "resolved": "https://registry.npmjs.org/j5-io-types/-/j5-io-types-2.5.0.tgz",
      "integrity": "sha512-S44ds7NZfVUL3xsvboNEIXnrZ0TDUPixKtdcO4+L3bUctWzAtHSTvPmyU9G8urqfzXl6d22xBq7c+sjGUrD4+w=="
    },
    "jpeg-js": {
      "version": "0.4.3",
      "resolved": "https://registry.npmjs.org/jpeg-js/-/jpeg-js-0.4.3.tgz",
      "integrity": "sha512-ru1HWKek8octvUHFHvE5ZzQ1yAsJmIvRdGWvSoKV52XKyuyYA437QWDttXT8eZXDSbuMpHlLzPDZUPd6idIz+Q=="
    },
    "nan": {
      "version": "2.15.0",
      "resolved": "https://registry.npmjs.org/nan/-/nan-2.15.0.tgz",
      "integrity": "sha512-8ZtvEnA2c5aYCZYd1cvgdnU6cqwixRoYg70xPLWUws5ORTa/lnw+u4amixRS/Ac5U5mQVgp9pnlSUnbNWFaWZQ=="
    },
    "oled-font-5x7": {
      "version": "1.0.3",
      "resolved": "https://registry.npmjs.org/oled-font-5x7/-/oled-font-5x7-1.0.3.tgz",
      "integrity": "sha512-l25WvKft8CgXYxtaqKdYrAS1P91rnUUUIiOXojAOvjNCsfFzIl1aEsE2JuaRgMh1Euo7slm5lX0w+1qNkL8PpQ=="
    },
    "opentype.js": {
      "version": "0.4.11",
      "resolved": "https://registry.npmjs.org/opentype.js/-/opentype.js-0.4.11.tgz",
      "integrity": "sha1-KBojkGOcwVkxyVXY1jwUp8d3K0E="
    },
    "pngjs": {
      "version": "3.4.0",
      "resolved": "https://registry.npmjs.org/pngjs/-/pngjs-3.4.0.tgz",
      "integrity": "sha512-NCrCHhWmnQklfH4MtJMRjZ2a8c80qXeMlQMv2uVp9ISJMTt562SbGd6n2oq0PaPgKm7Z6pL9E2UlLIhC+SHL3w=="
    },
    "pureimage": {
      "version": "0.3.5",
      "resolved": "https://registry.npmjs.org/pureimage/-/pureimage-0.3.5.tgz",
      "integrity": "sha512-+CFUEpoX6GemlKlHihI7Ii4IqKqF5KZjd682sAxwzbc4t4zU4Gwhxd4W3UMZW94nJzf0n4nA9zJrwTR4jZB4TA==",
      "requires": {
        "jpeg-js": "0.4.3",
        "opentype.js": "0.4.11",
        "pngjs": "3.4.0"
      }
    },
    "raspi": {
      "version": "6.0.1",
      "resolved": "https://registry.npmjs.org/raspi/-/raspi-6.0.1.tgz",
      "integrity": "sha512-vv7P8QgUCC0wjN9aBGi7SKy7LClZSsIMSQyEE+GUVzImbX44OTftj3Vjo+Kbl2d+acmjBNNkEk/jnzXDZMcI5g==",
      "requires": {
        "j5-io-types": "2.5.0",
        "raspi-board": "7.4.0"
      }
    },
    "raspi-board": {
      "version": "7.4.0",
      "resolved": "https://registry.npmjs.org/raspi-board/-/raspi-board-7.4.0.tgz",
      "integrity": "sha512-AMmBcXRm9UndFSu1bOaxQJrtx49UlXlvyQNPZzcWTrVznsX7Ttjtx97WmBfvtLygf0bPcJPIoxvrGVkAKLfxfA==",
      "requires": {
        "j5-io-types": "2.5.0"
      }
    },
    "raspi-i2c": {
      "version": "6.2.4",
      "resolved": "https://registry.npmjs.org/raspi-i2c/-/raspi-i2c-6.2.4.tgz",
      "integrity": "sha512-mjWYpjr2h8ZqYJFlUTykHIXZmSwgF+VnT+NUvGbpS8J7GikWr4ljkrhUYmxZaiztetLREhNpcRoEpTW+5jKH6A==",
      "requires": {
        "i2c-bus": "5.2.2",
        "ini-builder": "1.1.1",
        "j5-io-types": "2.5.0",
        "raspi-board": "7.4.0",
        "raspi-peripheral": "3.0.4"
      }
    },
    "raspi-peripheral": {
      "version": "3.0.4",
      "resolved": "https://registry.npmjs.org/raspi-peripheral/-/raspi-peripheral-3.0.4.tgz",
      "integrity": "sha512-IG/s6Y4isbTLUmuMPc3TtCLT2jm2ist66p2HmfOBalQ47Z6RKhLJsHj49c0e/aIZ7s45JGeAm6A9iO1Q/rMdVg==",
      "requires": {
        "j5-io-types": "2.5.0",
        "raspi": "6.0.1",
        "raspi-board": "7.4.0"
      }
    },
    "rpi-ws281x-native": {
      "version": "github:meta-meta/node-rpi-ws281x-native#50a2b6c3ba899ff3d1ed8872c283c5325a2a3dd8",
      "requires": {
        "bindings": "1.5.0",
        "nan": "2.15.0"
      }
    },
    "sh1106-js": {
      "version": "git+https://github.com/stheine/sh1106-js.git#333824782d45937e5482e74c7163438b9dce7e7c",
      "requires": {
        "delay": "4.1.0",
        "oled-font-5x7": "1.0.3"
      }
    },
    "sh1107-js": {
      "version": "github:meta-meta/sh1107-js#c73bd4fbec70e3ad7f8473a97331e4f4c4b3a87d",
      "requires": {
        "sh1106-js": "git+https://github.com/stheine/sh1106-js.git#333824782d45937e5482e74c7163438b9dce7e7c"
      }
    }
  }
}
